# This file is automatically @generated by Cargo.
# It is not intended for manual editing.
[[package]]
name = "bootloader"
version = "0.8.6"
source = "registry+https://github.com/rust-lang/crates.io-index"
checksum = "37b4577f46430d7dd1f16fa13a3aab5e3b57fe9ce7ff4378aa6b184e268eb60e"

[[package]]
name = "docker-rust-baremetal"
version = "0.1.0"
dependencies = [
 "bootloader",
]
